github.com/framps/golang_tutorial v0.0.0-20220629112121-8bbb2ad5d8bf h1:CMGbaq+eXJEnX0gT+BObBZYs+0XjjM8CMXqSk/FlEKc=
github.com/framps/golang_tutorial v0.0.0-20220629112121-8bbb2ad5d8bf/go.mod h1:8sjZ3tShrxvmhQMTNlPfnkqr5I2NDCOm0gsmUuNhTlA=
golang.org/x/net v0.0.0-20220812174116-3211cb980234 h1:RDqmgfe7SvlMWoqC3xwQ2blLO3fcWcxMa3eBLRdRW7E=
golang.org/x/net v0.0.0-20220812174116-3211cb980234/go.mod h1:YDH+HFinaLZZlnHAfSS6ZXJJ9M9t4Dl22yv3iI2vPwk=
